
Microsoft Visual Studio Solution File, Format Version 12.00
# Visual Studio Version 17
VisualStudioVersion = 17.0.31903.59
MinimumVisualStudioVersion = 10.0.40219.1
Project("{2150E333-8FDC-42A3-9474-1A3956D46DE8}") = "src", "src", "{4C3E431B-7761-4A49-9A94-988E269C39EB}"
EndProject
Project("{FAE04EC0-301F-11D3-BF4B-00C04F79EFBC}") = "Human.Core", "src\Human.Core\Human.Core.csproj", "{7ECEA584-4DB7-4A89-94D4-4F1B65485551}"
EndProject
Project("{FAE04EC0-301F-11D3-BF4B-00C04F79EFBC}") = "Human.Domain", "src\Human.Domain\Human.Domain.csproj", "{4037957C-05CE-4532-BE4E-E94983D0EFF5}"
EndProject
Project("{FAE04EC0-301F-11D3-BF4B-00C04F79EFBC}") = "Human.Infrastructure", "src\Human.Infrastructure\Human.Infrastructure.csproj", "{8C99F5EA-DC06-481E-A39B-6A284C952AC7}"
EndProject
Project("{FAE04EC0-301F-11D3-BF4B-00C04F79EFBC}") = "Human.WebServer", "src\Human.WebServer\Human.WebServer.csproj", "{A198D3EC-55A5-446A-9158-330A9B0B24F2}"
EndProject
Project("{FAE04EC0-301F-11D3-BF4B-00C04F79EFBC}") = "Human.WebServer.Grpc", "src\Human.WebServer.Grpc\Human.WebServer.Grpc.csproj", "{49E78EA9-E045-4C69-95D2-31FA9029708A}"
EndProject
Project("{FAE04EC0-301F-11D3-BF4B-00C04F79EFBC}") = "Human.WebServer.Api.V1", "src\Human.WebServer.Api.V1\Human.WebServer.Api.V1.csproj", "{CE65ED30-9C98-4821-91C3-172E21B28318}"
EndProject
Global
	GlobalSection(SolutionConfigurationPlatforms) = preSolution
		Debug|Any CPU = Debug|Any CPU
		Release|Any CPU = Release|Any CPU
	EndGlobalSection
	GlobalSection(SolutionProperties) = preSolution
		HideSolutionNode = FALSE
	EndGlobalSection
	GlobalSection(ProjectConfigurationPlatforms) = postSolution
		{7ECEA584-4DB7-4A89-94D4-4F1B65485551}.Debug|Any CPU.ActiveCfg = Debug|Any CPU
		{7ECEA584-4DB7-4A89-94D4-4F1B65485551}.Debug|Any CPU.Build.0 = Debug|Any CPU
		{7ECEA584-4DB7-4A89-94D4-4F1B65485551}.Release|Any CPU.ActiveCfg = Release|Any CPU
		{7ECEA584-4DB7-4A89-94D4-4F1B65485551}.Release|Any CPU.Build.0 = Release|Any CPU
		{4037957C-05CE-4532-BE4E-E94983D0EFF5}.Debug|Any CPU.ActiveCfg = Debug|Any CPU
		{4037957C-05CE-4532-BE4E-E94983D0EFF5}.Debug|Any CPU.Build.0 = Debug|Any CPU
		{4037957C-05CE-4532-BE4E-E94983D0EFF5}.Release|Any CPU.ActiveCfg = Release|Any CPU
		{4037957C-05CE-4532-BE4E-E94983D0EFF5}.Release|Any CPU.Build.0 = Release|Any CPU
		{8C99F5EA-DC06-481E-A39B-6A284C952AC7}.Debug|Any CPU.ActiveCfg = Debug|Any CPU
		{8C99F5EA-DC06-481E-A39B-6A284C952AC7}.Debug|Any CPU.Build.0 = Debug|Any CPU
		{8C99F5EA-DC06-481E-A39B-6A284C952AC7}.Release|Any CPU.ActiveCfg = Release|Any CPU
		{8C99F5EA-DC06-481E-A39B-6A284C952AC7}.Release|Any CPU.Build.0 = Release|Any CPU
		{A198D3EC-55A5-446A-9158-330A9B0B24F2}.Debug|Any CPU.ActiveCfg = Debug|Any CPU
		{A198D3EC-55A5-446A-9158-330A9B0B24F2}.Debug|Any CPU.Build.0 = Debug|Any CPU
		{A198D3EC-55A5-446A-9158-330A9B0B24F2}.Release|Any CPU.ActiveCfg = Release|Any CPU
		{A198D3EC-55A5-446A-9158-330A9B0B24F2}.Release|Any CPU.Build.0 = Release|Any CPU
		{49E78EA9-E045-4C69-95D2-31FA9029708A}.Debug|Any CPU.ActiveCfg = Debug|Any CPU
		{49E78EA9-E045-4C69-95D2-31FA9029708A}.Debug|Any CPU.Build.0 = Debug|Any CPU
		{49E78EA9-E045-4C69-95D2-31FA9029708A}.Release|Any CPU.ActiveCfg = Release|Any CPU
		{49E78EA9-E045-4C69-95D2-31FA9029708A}.Release|Any CPU.Build.0 = Release|Any CPU
		{CE65ED30-9C98-4821-91C3-172E21B28318}.Debug|Any CPU.ActiveCfg = Debug|Any CPU
		{CE65ED30-9C98-4821-91C3-172E21B28318}.Debug|Any CPU.Build.0 = Debug|Any CPU
		{CE65ED30-9C98-4821-91C3-172E21B28318}.Release|Any CPU.ActiveCfg = Release|Any CPU
		{CE65ED30-9C98-4821-91C3-172E21B28318}.Release|Any CPU.Build.0 = Release|Any CPU
	EndGlobalSection
	GlobalSection(NestedProjects) = preSolution
		{7ECEA584-4DB7-4A89-94D4-4F1B65485551} = {4C3E431B-7761-4A49-9A94-988E269C39EB}
		{4037957C-05CE-4532-BE4E-E94983D0EFF5} = {4C3E431B-7761-4A49-9A94-988E269C39EB}
		{8C99F5EA-DC06-481E-A39B-6A284C952AC7} = {4C3E431B-7761-4A49-9A94-988E269C39EB}
		{A198D3EC-55A5-446A-9158-330A9B0B24F2} = {4C3E431B-7761-4A49-9A94-988E269C39EB}
		{49E78EA9-E045-4C69-95D2-31FA9029708A} = {4C3E431B-7761-4A49-9A94-988E269C39EB}
		{CE65ED30-9C98-4821-91C3-172E21B28318} = {4C3E431B-7761-4A49-9A94-988E269C39EB}
	EndGlobalSection
EndGlobal
